// !$*UTF8*$!
{
	archiveVersion = 1;
	classes = {
	};
	objectVersion = 46;
	objects = {

/* Begin PBXBuildFile section */
		720D798D1E46CE9B000D5516 /* AllListsViewController.swift in Sources */ = {isa = PBXBuildFile; fileRef = 720D798C1E46CE9B000D5516 /* AllListsViewController.swift */; };
		7279EA771E47654A00ED8A8C /* CheckList.swift in Sources */ = {isa = PBXBuildFile; fileRef = 7279EA761E47654A00ED8A8C /* CheckList.swift */; };
		7279EA791E4765EB00ED8A8C /* ListDetailViewController.swift in Sources */ = {isa = PBXBuildFile; fileRef = 7279EA781E4765EB00ED8A8C /* ListDetailViewController.swift */; };
		72F8E69D1E3E5563000FCA85 /* AppDelegate.swift in Sources */ = {isa = PBXBuildFile; fileRef = 72F8E69C1E3E5563000FCA85 /* AppDelegate.swift */; };
		72F8E69F1E3E5563000FCA85 /* CheckListViewController.swift in Sources */ = {isa = PBXBuildFile; fileRef = 72F8E69E1E3E5563000FCA85 /* CheckListViewController.swift */; };
		72F8E6A21E3E5563000FCA85 /* Main.storyboard in Resources */ = {isa = PBXBuildFile; fileRef = 72F8E6A01E3E5563000FCA85 /* Main.storyboard */; };
		72F8E6A41E3E5563000FCA85 /* Assets.xcassets in Resources */ = {isa = PBXBuildFile; fileRef = 72F8E6A31E3E5563000FCA85 /* Assets.xcassets */; };
		72F8E6A71E3E5563000FCA85 /* LaunchScreen.storyboard in Resources */ = {isa = PBXBuildFile; fileRef = 72F8E6A51E3E5563000FCA85 /* LaunchScreen.storyboard */; };
		72F8E6AF1E403B03000FCA85 /* CheckListItem.swift in Sources */ = {isa = PBXBuildFile; fileRef = 72F8E6AE1E403B03000FCA85 /* CheckListItem.swift */; };
		72F8E6B11E418616000FCA85 /* ItemDetailViewController.swift in Sources */ = {isa = PBXBuildFile; fileRef = 72F8E6B01E418616000FCA85 /* ItemDetailViewController.swift */; };
/* End PBXBuildFile section */

/* Begin PBXFileReference section */
		720D798C1E46CE9B000D5516 /* AllListsViewController.swift */ = {isa = PBXFileReference; fileEncoding = 4; lastKnownFileType = sourcecode.swift; path = AllListsViewController.swift; sourceTree = "<group>"; };
		7279EA761E47654A00ED8A8C /* CheckList.swift */ = {isa = PBXFileReference; fileEncoding = 4; lastKnownFileType = sourcecode.swift; path = CheckList.swift; sourceTree = "<group>"; };
		7279EA781E4765EB00ED8A8C /* ListDetailViewController.swift */ = {isa = PBXFileReference; fileEncoding = 4; lastKnownFileType = sourcecode.swift; path = ListDetailViewController.swift; sourceTree = "<group>"; };
		72F8E6991E3E5563000FCA85 /* Checklists.app */ = {isa = PBXFileReference; explicitFileType = wrapper.application; includeInIndex = 0; path = Checklists.app; sourceTree = BUILT_PRODUCTS_DIR; };
		72F8E69C1E3E5563000FCA85 /* AppDelegate.swift */ = {isa = PBXFileReference; lastKnownFileType = sourcecode.swift; path = AppDelegate.swift; sourceTree = "<group>"; };
		72F8E69E1E3E5563000FCA85 /* CheckListViewController.swift */ = {isa = PBXFileReference; lastKnownFileType = sourcecode.swift; path = CheckListViewController.swift; sourceTree = "<group>"; };
		72F8E6A11E3E5563000FCA85 /* Base */ = {isa = PBXFileReference; lastKnownFileType = file.storyboard; name = Base; path = Base.lproj/Main.storyboard; sourceTree = "<group>"; };
		72F8E6A31E3E5563000FCA85 /* Assets.xcassets */ = {isa = PBXFileReference; lastKnownFileType = folder.assetcatalog; path = Assets.xcassets; sourceTree = "<group>"; };
		72F8E6A61E3E5563000FCA85 /* Base */ = {isa = PBXFileReference; lastKnownFileType = file.storyboard; name = Base; path = Base.lproj/LaunchScreen.storyboard; sourceTree = "<group>"; };
		72F8E6A81E3E5563000FCA85 /* Info.plist */ = {isa = PBXFileReference; lastKnownFileType = text.plist.xml; path = Info.plist; sourceTree = "<group>"; };
		72F8E6AE1E403B03000FCA85 /* CheckListItem.swift */ = {isa = PBXFileReference; fileEncoding = 4; lastKnownFileType = sourcecode.swift; path = CheckListItem.swift; sourceTree = "<group>"; };
		72F8E6B01E418616000FCA85 /* ItemDetailViewController.swift */ = {isa = PBXFileReference; fileEncoding = 4; lastKnownFileType = sourcecode.swift; path = ItemDetailViewController.swift; sourceTree = "<group>"; };
/* End PBXFileReference section */

/* Begin PBXFrameworksBuildPhase section */
		72F8E6961E3E5563000FCA85 /* Frameworks */ = {
			isa = PBXFrameworksBuildPhase;
			buildActionMask = 2147483647;
			files = (
			);
			runOnlyForDeploymentPostprocessing = 0;
		};
/* End PBXFrameworksBuildPhase section */

/* Begin PBXGroup section */
		728D8E7D1E478C6400B27A70 /* ListsItems */ = {
			isa = PBXGroup;
			children = (
				72F8E69E1E3E5563000FCA85 /* CheckListViewController.swift */,
				72F8E6AE1E403B03000FCA85 /* CheckListItem.swift */,
				72F8E6B01E418616000FCA85 /* ItemDetailViewController.swift */,
			);
			name = ListsItems;
			sourceTree = "<group>";
		};
		728D8E7E1E478CA700B27A70 /* Lists */ = {
			isa = PBXGroup;
			children = (
				720D798C1E46CE9B000D5516 /* AllListsViewController.swift */,
				7279EA761E47654A00ED8A8C /* CheckList.swift */,
				7279EA781E4765EB00ED8A8C /* ListDetailViewController.swift */,
			);
			name = Lists;
			sourceTree = "<group>";
		};
		72F8E6901E3E5563000FCA85 = {
			isa = PBXGroup;
			children = (
				72F8E69B1E3E5563000FCA85 /* Checklists */,
				72F8E69A1E3E5563000FCA85 /* Products */,
			);
			sourceTree = "<group>";
		};
		72F8E69A1E3E5563000FCA85 /* Products */ = {
			isa = PBXGroup;
			children = (
				72F8E6991E3E5563000FCA85 /* Checklists.app */,
			);
			name = Products;
			sourceTree = "<group>";
		};
		72F8E69B1E3E5563000FCA85 /* Checklists */ = {
			isa = PBXGroup;
			children = (
				728D8E7E1E478CA700B27A70 /* Lists */,
				728D8E7D1E478C6400B27A70 /* ListsItems */,
				72F8E69C1E3E5563000FCA85 /* AppDelegate.swift */,
				72F8E6A01E3E5563000FCA85 /* Main.storyboard */,
				72F8E6A31E3E5563000FCA85 /* Assets.xcassets */,
				72F8E6A51E3E5563000FCA85 /* LaunchScreen.storyboard */,
				72F8E6A81E3E5563000FCA85 /* Info.plist */,
			);
			path = Checklists;
			sourceTree = "<group>";
		};
/* End PBXGroup section */

/* Begin PBXNativeTarget section */
		72F8E6981E3E5563000FCA85 /* Checklists */ = {
			isa = PBXNativeTarget;
			buildConfigurationList = 72F8E6AB1E3E5563000FCA85 /* Build configuration list for PBXNativeTarget "Checklists" */;
			buildPhases = (
				72F8E6951E3E5563000FCA85 /* Sources */,
				72F8E6961E3E5563000FCA85 /* Frameworks */,
				72F8E6971E3E5563000FCA85 /* Resources */,
			);
			buildRules = (
			);
			dependencies = (
			);
			name = Checklists;
			productName = Checklists;
			productReference = 72F8E6991E3E5563000FCA85 /* Checklists.app */;
			productType = "com.apple.product-type.application";
		};
/* End PBXNativeTarget section */

/* Begin PBXProject section */
		72F8E6911E3E5563000FCA85 /* Project object */ = {
			isa = PBXProject;
			attributes = {
				LastSwiftUpdateCheck = 0810;
				LastUpgradeCheck = 0810;
				ORGANIZATIONNAME = "Skander Jabouzi";
				TargetAttributes = {
					72F8E6981E3E5563000FCA85 = {
						CreatedOnToolsVersion = 8.1;
						DevelopmentTeam = 9X444WKYY5;
						ProvisioningStyle = Automatic;
					};
				};
			};
			buildConfigurationList = 72F8E6941E3E5563000FCA85 /* Build configuration list for PBXProject "Checklists" */;
			compatibilityVersion = "Xcode 3.2";
			developmentRegion = English;
			hasScannedForEncodings = 0;
			knownRegions = (
				en,
				Base,
			);
			mainGroup = 72F8E6901E3E5563000FCA85;
			productRefGroup = 72F8E69A1E3E5563000FCA85 /* Products */;
			projectDirPath = "";
			projectRoot = "";
			targets = (
				72F8E6981E3E5563000FCA85 /* Checklists */,
			);
		};
/* End PBXProject section */

/* Begin PBXResourcesBuildPhase section */
		72F8E6971E3E5563000FCA85 /* Resources */ = {
			isa = PBXResourcesBuildPhase;
			buildActionMask = 2147483647;
			files = (
				72F8E6A71E3E5563000FCA85 /* LaunchScreen.storyboard in Resources */,
				72F8E6A41E3E5563000FCA85 /* Assets.xcassets in Resources */,
				72F8E6A21E3E5563000FCA85 /* Main.storyboard in Resources */,
			);
			runOnlyForDeploymentPostprocessing = 0;
		};
/* End PBXResourcesBuildPhase section */

/* Begin PBXSourcesBuildPhase section */
		72F8E6951E3E5563000FCA85 /* Sources */ = {
			isa = PBXSourcesBuildPhase;
			buildActionMask = 2147483647;
			files = (
				72F8E6AF1E403B03000FCA85 /* CheckListItem.swift in Sources */,
				72F8E6B11E418616000FCA85 /* ItemDetailViewController.swift in Sources */,
				72F8E69F1E3E5563000FCA85 /* CheckListViewController.swift in Sources */,
				7279EA791E4765EB00ED8A8C /* ListDetailViewController.swift in Sources */,
				720D798D1E46CE9B000D5516 /* AllListsViewController.swift in Sources */,
				7279EA771E47654A00ED8A8C /* CheckList.swift in Sources */,
				72F8E69D1E3E5563000FCA85 /* AppDelegate.swift in Sources */,
			);
			runOnlyForDeploymentPostprocessing = 0;
		};
/* End PBXSourcesBuildPhase section */

/* Begin PBXVariantGroup section */
		72F8E6A01E3E5563000FCA85 /* Main.storyboard */ = {
			isa = PBXVariantGroup;
			children = (
				72F8E6A11E3E5563000FCA85 /* Base */,
			);
			name = Main.storyboard;
			sourceTree = "<group>";
		};
		72F8E6A51E3E5563000FCA85 /* LaunchScreen.storyboard */ = {
			isa = PBXVariantGroup;
			children = (
				72F8E6A61E3E5563000FCA85 /* Base */,
			);
			name = LaunchScreen.storyboard;
			sourceTree = "<group>";
		};
/* End PBXVariantGroup section */

/* Begin XCBuildConfiguration section */
		72F8E6A91E3E5563000FCA85 /* Debug */ = {
			isa = XCBuildConfiguration;
			buildSettings = {
				ALWAYS_SEARCH_USER_PATHS = NO;
				CLANG_ANALYZER_NONNULL = YES;
				CLANG_CXX_LANGUAGE_STANDARD = "gnu++0x";
				CLANG_CXX_LIBRARY = "libc++";
				CLANG_ENABLE_MODULES = YES;
				CLANG_ENABLE_OBJC_ARC = YES;
				CLANG_WARN_BOOL_CONVERSION = YES;
				CLANG_WARN_CONSTANT_CONVERSION = YES;
				CLANG_WARN_DIRECT_OBJC_ISA_USAGE = YES_ERROR;
				CLANG_WARN_DOCUMENTATION_COMMENTS = YES;
				CLANG_WARN_EMPTY_BODY = YES;
				CLANG_WARN_ENUM_CONVERSION = YES;
				CLANG_WARN_INFINITE_RECURSION = YES;
				CLANG_WARN_INT_CONVERSION = YES;
				CLANG_WARN_OBJC_ROOT_CLASS = YES_ERROR;
				CLANG_WARN_SUSPICIOUS_MOVES = YES;
				CLANG_WARN_UNREACHABLE_CODE = YES;
				CLANG_WARN__DUPLICATE_METHOD_MATCH = YES;
				"CODE_SIGN_IDENTITY[sdk=iphoneos*]" = "iPhone Developer";
				COPY_PHASE_STRIP = NO;
				DEBUG_INFORMATION_FORMAT = dwarf;
				ENABLE_STRICT_OBJC_MSGSEND = YES;
				ENABLE_TESTABILITY = YES;
				GCC_C_LANGUAGE_STANDARD = gnu99;
				GCC_DYNAMIC_NO_PIC = NO;
				GCC_NO_COMMON_BLOCKS = YES;
				GCC_OPTIMIZATION_LEVEL = 0;
				GCC_PREPROCESSOR_DEFINITIONS = (
					"DEBUG=1",
					"$(inherited)",
				);
				GCC_WARN_64_TO_32_BIT_CONVERSION = YES;
				GCC_WARN_ABOUT_RETURN_TYPE = YES_ERROR;
				GCC_WARN_UNDECLARED_SELECTOR = YES;
				GCC_WARN_UNINITIALIZED_AUTOS = YES_AGGRESSIVE;
				GCC_WARN_UNUSED_FUNCTION = YES;
				GCC_WARN_UNUSED_VARIABLE = YES;
				IPHONEOS_DEPLOYMENT_TARGET = 10.1;
				MTL_ENABLE_DEBUG_INFO = YES;
				ONLY_ACTIVE_ARCH = YES;
				SDKROOT = iphoneos;
				SWIFT_ACTIVE_COMPILATION_CONDITIONS = DEBUG;
				SWIFT_OPTIMIZATION_LEVEL = "-Onone";
				TARGETED_DEVICE_FAMILY = "1,2";
			};
			name = Debug;
		};
		72F8E6AA1E3E5563000FCA85 /* Release */ = {
			isa = XCBuildConfiguration;
			buildSettings = {
				ALWAYS_SEARCH_USER_PATHS = NO;
				CLANG_ANALYZER_NONNULL = YES;
				CLANG_CXX_LANGUAGE_STANDARD = "gnu++0x";
				CLANG_CXX_LIBRARY = "libc++";
				CLANG_ENABLE_MODULES = YES;
				CLANG_ENABLE_OBJC_ARC = YES;
				CLANG_WARN_BOOL_CONVERSION = YES;
				CLANG_WARN_CONSTANT_CONVERSION = YES;
				CLANG_WARN_DIRECT_OBJC_ISA_USAGE = YES_ERROR;
				CLANG_WARN_DOCUMENTATION_COMMENTS = YES;
				CLANG_WARN_EMPTY_BODY = YES;
				CLANG_WARN_ENUM_CONVERSION = YES;
				CLANG_WARN_INFINITE_RECURSION = YES;
				CLANG_WARN_INT_CONVERSION = YES;
				CLANG_WARN_OBJC_ROOT_CLASS = YES_ERROR;
				CLANG_WARN_SUSPICIOUS_MOVES = YES;
				CLANG_WARN_UNREACHABLE_CODE = YES;
				CLANG_WARN__DUPLICATE_METHOD_MATCH = YES;
				"CODE_SIGN_IDENTITY[sdk=iphoneos*]" = "iPhone Developer";
				COPY_PHASE_STRIP = NO;
				DEBUG_INFORMATION_FORMAT = "dwarf-with-dsym";
				ENABLE_NS_ASSERTIONS = NO;
				ENABLE_STRICT_OBJC_MSGSEND = YES;
				GCC_C_LANGUAGE_STANDARD = gnu99;
				GCC_NO_COMMON_BLOCKS = YES;
				GCC_WARN_64_TO_32_BIT_CONVERSION = YES;
				GCC_WARN_ABOUT_RETURN_TYPE = YES_ERROR;
				GCC_WARN_UNDECLARED_SELECTOR = YES;
				GCC_WARN_UNINITIALIZED_AUTOS = YES_AGGRESSIVE;
				GCC_WARN_UNUSED_FUNCTION = YES;
				GCC_WARN_UNUSED_VARIABLE = YES;
				IPHONEOS_DEPLOYMENT_TARGET = 10.1;
				MTL_ENABLE_DEBUG_INFO = NO;
				SDKROOT = iphoneos;
				SWIFT_OPTIMIZATION_LEVEL = "-Owholemodule";
				TARGETED_DEVICE_FAMILY = "1,2";
				VALIDATE_PRODUCT = YES;
			};
			name = Release;
		};
		72F8E6AC1E3E5563000FCA85 /* Debug */ = {
			isa = XCBuildConfiguration;
			buildSettings = {
				ASSETCATALOG_COMPILER_APPICON_NAME = AppIcon;
				"CODE_SIGN_IDENTITY[sdk=iphoneos*]" = "iPhone Developer";
				DEVELOPMENT_TEAM = 9X444WKYY5;
				INFOPLIST_FILE = Checklists/Info.plist;
				IPHONEOS_DEPLOYMENT_TARGET = 9.0;
				LD_RUNPATH_SEARCH_PATHS = "$(inherited) @executable_path/Frameworks";
				PRODUCT_BUNDLE_IDENTIFIER = com.skanderjabouzi.Checklists;
				PRODUCT_NAME = "$(TARGET_NAME)";
				SWIFT_VERSION = 3.0;
			};
			name = Debug;
		};
		72F8E6AD1E3E5563000FCA85 /* Release */ = {
			isa = XCBuildConfiguration;
			buildSettings = {
				ASSETCATALOG_COMPILER_APPICON_NAME = AppIcon;
				"CODE_SIGN_IDENTITY[sdk=iphoneos*]" = "iPhone Developer";
				DEVELOPMENT_TEAM = 9X444WKYY5;
				INFOPLIST_FILE = Checklists/Info.plist;
				IPHONEOS_DEPLOYMENT_TARGET = 9.0;
				LD_RUNPATH_SEARCH_PATHS = "$(inherited) @executable_path/Frameworks";
				PRODUCT_BUNDLE_IDENTIFIER = com.skanderjabouzi.Checklists;
				PRODUCT_NAME = "$(TARGET_NAME)";
				SWIFT_VERSION = 3.0;
			};
			name = Release;
		};
/* End XCBuildConfiguration section */

/* Begin XCConfigurationList section */
		72F8E6941E3E5563000FCA85 /* Build configuration list for PBXProject "Checklists" */ = {
			isa = XCConfigurationList;
			buildConfigurations = (
				72F8E6A91E3E5563000FCA85 /* Debug */,
				72F8E6AA1E3E5563000FCA85 /* Release */,
			);
			defaultConfigurationIsVisible = 0;
			defaultConfigurationName = Release;
		};
		72F8E6AB1E3E5563000FCA85 /* Build configuration list for PBXNativeTarget "Checklists" */ = {
			isa = XCConfigurationList;
			buildConfigurations = (
				72F8E6AC1E3E5563000FCA85 /* Debug */,
				72F8E6AD1E3E5563000FCA85 /* Release */,
			);
			defaultConfigurationIsVisible = 0;
			defaultConfigurationName = Release;
		};
/* End XCConfigurationList section */
	};
	rootObject = 72F8E6911E3E5563000FCA85 /* Project object */;
}
